{
  "lockfile-version": 1,
  "manifest": {
    "schema-version": "1.10.0",
    "install": {
      "cuda_nvcc": {
        "pkg-path": "flox-cuda/cudaPackages.cuda_nvcc",
        "systems": [
          "x86_64-linux"
        ]
      },
      "gcc-unwrapped": {
        "pkg-path": "gcc-unwrapped",
        "systems": [
          "x86_64-linux"
        ]
      },
      "pciutils": {
        "pkg-path": "pciutils"
      },
      "python3": {
        "pkg-path": "python3",
        "version": "^3.12"
      },
      "uv": {
        "pkg-path": "uv"
      }
    },
    "hook": {
      "on-activate": "  set -euo pipefail\n\n  VENV_DIR=\"${FLOX_ENV_CACHE}/venv\"\n  MARKER_FILE=\"${VENV_DIR}/.torch-variant\"\n\n  # ---------- Helper: version comparison ----------\n  # Returns 0 (true) if $1 >= $2 comparing major.minor\n  version_ge() {\n    local v1_major v1_minor v2_major v2_minor\n    IFS='.' read -r v1_major v1_minor <<< \"$1\"\n    IFS='.' read -r v2_major v2_minor <<< \"$2\"\n    (( v1_major > v2_major )) && return 0\n    (( v1_major == v2_major && v1_minor >= v2_minor )) && return 0\n    return 1\n  }\n\n  # ---------- Detect toolkit version from Flox-provided nvcc ----------\n  NVCC_VERSION=\"\"\n  if command -v nvcc &>/dev/null; then\n    NVCC_VERSION=$(nvcc --version 2>/dev/null | grep -oP 'release \\K[0-9]+\\.[0-9]+' || echo \"\")\n  fi\n  REQUIRED_CUDA=\"${NVCC_VERSION:-12.8}\"\n  CUDA_TAG=\"cu${REQUIRED_CUDA//./}\"\n\n  # ---------- Phase 1: GPU detection ----------\n  TORCH_VARIANT=\"cpu\"\n  TORCH_INDEX=\"https://download.pytorch.org/whl/cpu\"\n  GPU_STATUS=\"none\"\n\n  if command -v nvidia-smi &>/dev/null && nvidia-smi &>/dev/null; then\n    GPU_STATUS=\"nvidia-smi\"\n  elif command -v lspci &>/dev/null && lspci | grep -qi nvidia; then\n    GPU_STATUS=\"lspci-only\"\n  fi\n\n  # ---------- Phase 2: Driver compatibility validation ----------\n  if [[ \"$GPU_STATUS\" == \"nvidia-smi\" ]]; then\n    DRIVER_VERSION=$(nvidia-smi --query-gpu=driver_version --format=csv,noheader 2>/dev/null | head -1)\n    DRIVER_MAX_CUDA=$(nvidia-smi 2>/dev/null | grep -oP 'CUDA Version:\\s+\\K[0-9]+\\.[0-9]+' || echo \"\")\n\n    echo \"------------------------------------------------------------\"\n    echo \"  CUDA Compatibility Check\"\n    echo \"------------------------------------------------------------\"\n    echo \"  Driver version     : ${DRIVER_VERSION:-unknown}\"\n    echo \"  Driver max CUDA    : ${DRIVER_MAX_CUDA:-unknown}\"\n    echo \"  Toolkit (nvcc)     : ${NVCC_VERSION:-not found}\"\n    echo \"  PyTorch target     : ${CUDA_TAG}\"\n    echo \"------------------------------------------------------------\"\n\n    if [[ -z \"$DRIVER_MAX_CUDA\" ]]; then\n      echo \"  WARNING: Could not parse driver CUDA version.\"\n      echo \"  Proceeding with CUDA wheels -- may fail at runtime.\"\n      echo \"------------------------------------------------------------\"\n      TORCH_VARIANT=\"$CUDA_TAG\"\n      TORCH_INDEX=\"https://download.pytorch.org/whl/${CUDA_TAG}\"\n\n    elif version_ge \"$DRIVER_MAX_CUDA\" \"$REQUIRED_CUDA\"; then\n      echo \"  Status: COMPATIBLE (driver supports CUDA ${DRIVER_MAX_CUDA} >= ${REQUIRED_CUDA})\"\n      echo \"------------------------------------------------------------\"\n      TORCH_VARIANT=\"$CUDA_TAG\"\n      TORCH_INDEX=\"https://download.pytorch.org/whl/${CUDA_TAG}\"\n\n    else\n      echo \"  Status: INCOMPATIBLE\"\n      echo \"\"\n      echo \"  Driver supports up to CUDA ${DRIVER_MAX_CUDA},\"\n      echo \"  but this environment needs CUDA ${REQUIRED_CUDA}.\"\n      echo \"\"\n      echo \"  Options:\"\n      echo \"    1. Upgrade NVIDIA driver (recommended)\"\n      echo \"    2. Lower cudatoolkit version in manifest.toml\"\n      echo \"\"\n      echo \"  Falling back to CPU-only PyTorch wheels.\"\n      echo \"------------------------------------------------------------\"\n      # Stay on cpu variant -- don't install CUDA wheels that will break\n    fi\n\n  elif [[ \"$GPU_STATUS\" == \"lspci-only\" ]]; then\n    echo \"------------------------------------------------------------\"\n    echo \"  GPU Hardware Detected -- Driver Not Responding\"\n    echo \"------------------------------------------------------------\"\n    echo \"  lspci sees NVIDIA hardware, but nvidia-smi failed.\"\n    echo \"  The driver may not be installed or loaded.\"\n    echo \"\"\n    echo \"  CUDA wheels require a working driver.\"\n    echo \"  Falling back to CPU-only PyTorch wheels.\"\n    echo \"------------------------------------------------------------\"\n    # Stay on cpu variant -- CUDA won't work without a driver\n\n  else\n    echo \"No NVIDIA GPU detected -> using CPU-only wheels\"\n  fi\n\n  # ---------- Phase 3: Idempotent install ----------\n  if [ -f \"$MARKER_FILE\" ] && [ \"$(cat \"$MARKER_FILE\")\" = \"$TORCH_VARIANT\" ]; then\n    echo \"PyTorch ($TORCH_VARIANT) already installed -- skipping\"\n  else\n    echo \"Installing PyTorch ($TORCH_VARIANT) ...\"\n\n    # (Re)create venv if variant changed or first run\n    if [ -d \"$VENV_DIR\" ]; then\n      rm -rf \"$VENV_DIR\"\n    fi\n    uv venv \"$VENV_DIR\" --python python3\n\n    # Step 1: PyTorch from the variant-specific index\n    uv pip install --python \"$VENV_DIR/bin/python\" torch torchvision torchaudio --index-url \"$TORCH_INDEX\"\n\n    # Step 2: ML libraries from standard PyPI\n    uv pip install --python \"$VENV_DIR/bin/python\" transformers accelerate\n\n    echo \"$TORCH_VARIANT\" > \"$MARKER_FILE\"\n    echo \"PyTorch ($TORCH_VARIANT) installed successfully\"\n  fi\n\n  # ---------- Activate the venv ----------\n  export VIRTUAL_ENV=\"$VENV_DIR\"\n  export PATH=\"${VENV_DIR}/bin:${PATH}\"\n"
    },
    "profile": {
      "common": "  # Flox overrides both PATH and PYTHONPATH after the profile runs, so the\n  # Flox-provided python3 always wins and venv site-packages are not visible.\n  # Shell functions override PATH lookups, so we use them to ensure the venv\n  # python is used for all interactive commands.\n  export VIRTUAL_ENV=\"${FLOX_ENV_CACHE}/venv\"\n  python3() { \"${FLOX_ENV_CACHE}/venv/bin/python3\" \"$@\"; }\n  python()  { \"${FLOX_ENV_CACHE}/venv/bin/python\"  \"$@\"; }\n  export -f python3 python\n\n  # Quick GPU status helper\n  gpu-info() {\n    python3 -c \"\nimport torch, sys\nprint(f'PyTorch {torch.__version__}')\nprint(f'CUDA available: {torch.cuda.is_available()}')\nif torch.cuda.is_available():\n    for i in range(torch.cuda.device_count()):\n        props = torch.cuda.get_device_properties(i)\n        print(f'  GPU {i}: {props.name}  ({props.total_mem // (1024**3)} GB)')\n        print(f'    Compute: {props.major}.{props.minor}')\nelse:\n    print('  Running in CPU-only mode')\n\"\n  }\n"
    },
    "options": {
      "systems": [
        "x86_64-linux"
      ]
    }
  },
  "packages": [
    {
      "attr_path": "cudaPackages.cuda_nvcc",
      "broken": false,
      "derivation": "/nix/store/nbfn3ixbzmmjfqch6v6r193vf2gvgfk1-cuda12.8-cuda_nvcc-12.8.93.drv",
      "description": "CUDA compiler driver",
      "install_id": "cuda_nvcc",
      "license": "[ CUDA Toolkit End User License Agreement (EULA) ]",
      "locked_url": "https://github.com/flox/nixpkgs?rev=d6c71932130818840fc8fe9509cf50be8c64634f",
      "name": "cuda12.8-cuda_nvcc-12.8.93",
      "pname": "cuda_nvcc",
      "rev": "d6c71932130818840fc8fe9509cf50be8c64634f",
      "rev_count": 942779,
      "rev_date": "2026-02-08T14:52:16Z",
      "scrape_date": "2026-03-15T17:43:31.088658936Z",
      "stabilities": [
        "unstable",
        "staging"
      ],
      "unfree": true,
      "version": "12.8.93",
      "outputs_to_install": [
        "out"
      ],
      "outputs": {
        "out": "/nix/store/ca5vpv7xpncrkw227l5yrs9483vabfyp-cuda12.8-cuda_nvcc-12.8.93"
      },
      "system": "x86_64-linux",
      "group": "toplevel",
      "priority": 5
    },
    {
      "attr_path": "gcc-unwrapped",
      "broken": false,
      "derivation": "/nix/store/8m42cl41s6r5aybg9gsdnvxcmyadl5rs-gcc-15.2.0.drv",
      "description": "GNU Compiler Collection, version 15.2.0",
      "install_id": "gcc-unwrapped",
      "license": "GPL-3.0-or-later",
      "locked_url": "https://github.com/flox/nixpkgs?rev=d6c71932130818840fc8fe9509cf50be8c64634f",
      "name": "gcc-15.2.0",
      "pname": "gcc-unwrapped",
      "rev": "d6c71932130818840fc8fe9509cf50be8c64634f",
      "rev_count": 942779,
      "rev_date": "2026-02-08T14:52:16Z",
      "scrape_date": "2026-02-09T06:20:17.831656Z",
      "stabilities": [
        "unstable",
        "staging"
      ],
      "unfree": false,
      "version": "15.2.0",
      "outputs_to_install": [
        "man",
        "man",
        "out",
        "out",
        "out",
        "out",
        "out"
      ],
      "outputs": {
        "checksum": "/nix/store/qn2x9g0j4l6w5cz2vqqhqa4d1i4ncd75-gcc-15.2.0-checksum",
        "info": "/nix/store/frqv5xz9psh0n5kgbm7ypavp6rh32frh-gcc-15.2.0-info",
        "lib": "/nix/store/j2kgllgds4w7na8zqv1msi0mpvpjxda8-gcc-15.2.0-lib",
        "libgcc": "/nix/store/yjmjazfwljzajwq54xlr7vfz77spzr9y-gcc-15.2.0-libgcc",
        "man": "/nix/store/9mxn5p4rcv229434nck8qzz573rz5a69-gcc-15.2.0-man",
        "out": "/nix/store/mjf8jlq9grydcdvyw6hb063x5c34g5gf-gcc-15.2.0"
      },
      "system": "x86_64-linux",
      "group": "toplevel",
      "priority": 5
    },
    {
      "attr_path": "pciutils",
      "broken": false,
      "derivation": "/nix/store/84ydq79njiiv9mjbin0a4mddkgxfmn1z-pciutils-3.14.0.drv",
      "description": "Collection of programs for inspecting and manipulating configuration of PCI devices",
      "install_id": "pciutils",
      "license": "GPL-2.0-or-later",
      "locked_url": "https://github.com/flox/nixpkgs?rev=d6c71932130818840fc8fe9509cf50be8c64634f",
      "name": "pciutils-3.14.0",
      "pname": "pciutils",
      "rev": "d6c71932130818840fc8fe9509cf50be8c64634f",
      "rev_count": 942779,
      "rev_date": "2026-02-08T14:52:16Z",
      "scrape_date": "2026-02-09T06:21:03.864139Z",
      "stabilities": [
        "unstable",
        "staging"
      ],
      "unfree": false,
      "version": "3.14.0",
      "outputs_to_install": [
        "out",
        "out",
        "out",
        "out"
      ],
      "outputs": {
        "out": "/nix/store/sxffphd8apxrladk3i8fl0g366001vx8-pciutils-3.14.0"
      },
      "system": "x86_64-linux",
      "group": "toplevel",
      "priority": 5
    },
    {
      "attr_path": "python3",
      "broken": false,
      "derivation": "/nix/store/bmlsz2bfdg16dr10k8rm3hmkq09h06nr-python3-3.13.11.drv",
      "description": "High-level dynamically-typed programming language",
      "install_id": "python3",
      "license": "Python-2.0",
      "locked_url": "https://github.com/flox/nixpkgs?rev=d6c71932130818840fc8fe9509cf50be8c64634f",
      "name": "python3-3.13.11",
      "pname": "python3",
      "rev": "d6c71932130818840fc8fe9509cf50be8c64634f",
      "rev_count": 942779,
      "rev_date": "2026-02-08T14:52:16Z",
      "scrape_date": "2026-02-09T06:21:17.584167Z",
      "stabilities": [
        "unstable",
        "staging"
      ],
      "unfree": false,
      "version": "3.13.11",
      "outputs_to_install": [
        "out",
        "out",
        "out",
        "out",
        "out",
        "out",
        "out"
      ],
      "outputs": {
        "debug": "/nix/store/gvhg8py0jr9v83ysqb86rr2s1yidppca-python3-3.13.11-debug",
        "out": "/nix/store/slhpx9glq7vl99bwi93bgrhn3syv98s1-python3-3.13.11"
      },
      "system": "x86_64-linux",
      "group": "toplevel",
      "priority": 5
    },
    {
      "attr_path": "uv",
      "broken": false,
      "derivation": "/nix/store/y4ikgwvfbjjhk45zbgh6g47bzdxjs0n9-uv-0.10.0.drv",
      "description": "Extremely fast Python package installer and resolver, written in Rust",
      "install_id": "uv",
      "license": "[ Apache-2.0, MIT ]",
      "locked_url": "https://github.com/flox/nixpkgs?rev=d6c71932130818840fc8fe9509cf50be8c64634f",
      "name": "uv-0.10.0",
      "pname": "uv",
      "rev": "d6c71932130818840fc8fe9509cf50be8c64634f",
      "rev_count": 942779,
      "rev_date": "2026-02-08T14:52:16Z",
      "scrape_date": "2026-02-09T06:23:31.836190Z",
      "stabilities": [
        "unstable",
        "staging"
      ],
      "unfree": false,
      "version": "0.10.0",
      "outputs_to_install": [
        "out"
      ],
      "outputs": {
        "out": "/nix/store/9nvlmhwg9fjy797pza7kjpdhwylj0gfx-uv-0.10.0"
      },
      "system": "x86_64-linux",
      "group": "toplevel",
      "priority": 5
    }
  ]
}
